
Microsoft Visual Studio Solution File, Format Version 12.00
# Visual Studio Version 16
VisualStudioVersion = 16.0.29709.97
MinimumVisualStudioVersion = 10.0.40219.1
Project("{9A19103F-16F7-4668-BE54-9A1E7A4F7556}") = "Practica2", "Practica2\Practica2.csproj", "{BED5AA60-EEEC-4E2A-BECF-16DBE064FD7A}"
EndProject
Global
	GlobalSection(SolutionConfigurationPlatforms) = preSolution
		Debug|Any CPU = Debug|Any CPU
		Release|Any CPU = Release|Any CPU
	EndGlobalSection
	GlobalSection(ProjectConfigurationPlatforms) = postSolution
		{BED5AA60-EEEC-4E2A-BECF-16DBE064FD7A}.Debug|Any CPU.ActiveCfg = Debug|Any CPU
		{BED5AA60-EEEC-4E2A-BECF-16DBE064FD7A}.Debug|Any CPU.Build.0 = Debug|Any CPU
		{BED5AA60-EEEC-4E2A-BECF-16DBE064FD7A}.Release|Any CPU.ActiveCfg = Release|Any CPU
		{BED5AA60-EEEC-4E2A-BECF-16DBE064FD7A}.Release|Any CPU.Build.0 = Release|Any CPU
	EndGlobalSection
	GlobalSection(SolutionProperties) = preSolution
		HideSolutionNode = FALSE
	EndGlobalSection
	GlobalSection(ExtensibilityGlobals) = postSolution
		SolutionGuid = {BD16DFD6-27E6-4866-87F2-32FCD53BE790}
	EndGlobalSection
EndGlobal
