
Microsoft Visual Studio Solution File, Format Version 12.00
# Visual Studio Version 16
VisualStudioVersion = 16.0.29709.97
MinimumVisualStudioVersion = 10.0.40219.1
Project("{9A19103F-16F7-4668-BE54-9A1E7A4F7556}") = "practicauno", "practicauno\practicauno.csproj", "{AF73FB49-369C-424B-A1D5-3BE746166CB4}"
EndProject
Project("{9A19103F-16F7-4668-BE54-9A1E7A4F7556}") = "Practicados", "Practicados\Practicados.csproj", "{EF2556D6-E229-4747-8D92-42588425F2E8}"
EndProject
Project("{9A19103F-16F7-4668-BE54-9A1E7A4F7556}") = "Entrega1", "Entrega 1\Entrega1.csproj", "{9F787044-8FF5-4748-A15C-6A2495E18E63}"
EndProject
Global
	GlobalSection(SolutionConfigurationPlatforms) = preSolution
		Debug|Any CPU = Debug|Any CPU
		Release|Any CPU = Release|Any CPU
	EndGlobalSection
	GlobalSection(ProjectConfigurationPlatforms) = postSolution
		{AF73FB49-369C-424B-A1D5-3BE746166CB4}.Debug|Any CPU.ActiveCfg = Debug|Any CPU
		{AF73FB49-369C-424B-A1D5-3BE746166CB4}.Debug|Any CPU.Build.0 = Debug|Any CPU
		{AF73FB49-369C-424B-A1D5-3BE746166CB4}.Release|Any CPU.ActiveCfg = Release|Any CPU
		{AF73FB49-369C-424B-A1D5-3BE746166CB4}.Release|Any CPU.Build.0 = Release|Any CPU
		{EF2556D6-E229-4747-8D92-42588425F2E8}.Debug|Any CPU.ActiveCfg = Debug|Any CPU
		{EF2556D6-E229-4747-8D92-42588425F2E8}.Debug|Any CPU.Build.0 = Debug|Any CPU
		{EF2556D6-E229-4747-8D92-42588425F2E8}.Release|Any CPU.ActiveCfg = Release|Any CPU
		{EF2556D6-E229-4747-8D92-42588425F2E8}.Release|Any CPU.Build.0 = Release|Any CPU
		{9F787044-8FF5-4748-A15C-6A2495E18E63}.Debug|Any CPU.ActiveCfg = Debug|Any CPU
		{9F787044-8FF5-4748-A15C-6A2495E18E63}.Debug|Any CPU.Build.0 = Debug|Any CPU
		{9F787044-8FF5-4748-A15C-6A2495E18E63}.Release|Any CPU.ActiveCfg = Release|Any CPU
		{9F787044-8FF5-4748-A15C-6A2495E18E63}.Release|Any CPU.Build.0 = Release|Any CPU
	EndGlobalSection
	GlobalSection(SolutionProperties) = preSolution
		HideSolutionNode = FALSE
	EndGlobalSection
	GlobalSection(ExtensibilityGlobals) = postSolution
		SolutionGuid = {51207BAD-62CF-4EC2-B5B6-33118FFDE2F3}
	EndGlobalSection
EndGlobal
